// !$*UTF8*$!
{
	archiveVersion = 1;
	classes = {
	};
	objectVersion = 46;
	objects = {

/* Begin PBXBuildFile section */
		0A669A651E55AF4D00B4C883 /* Foundation.framework in Frameworks */ = {isa = PBXBuildFile; fileRef = 0A669A641E55AF4D00B4C883 /* Foundation.framework */; };
		0A669A6A1E55AFD500B4C883 /* main.m in Sources */ = {isa = PBXBuildFile; fileRef = 0A8474341E54822400F5A41D /* main.m */; };
		0A669A6B1E55AFDA00B4C883 /* cashcounter.m in Sources */ = {isa = PBXBuildFile; fileRef = 0A84743C1E54824F00F5A41D /* cashcounter.m */; };
/* End PBXBuildFile section */

/* Begin PBXCopyFilesBuildPhase section */
		0A84742F1E54822400F5A41D /* Copy Files */ = {
			isa = PBXCopyFilesBuildPhase;
			buildActionMask = 2147483647;
			dstPath = /usr/share/man/man1/;
			dstSubfolderSpec = 0;
			files = (
			);
			name = "Copy Files";
			runOnlyForDeploymentPostprocessing = 1;
		};
/* End PBXCopyFilesBuildPhase section */

/* Begin PBXFileReference section */
		0A669A641E55AF4D00B4C883 /* Foundation.framework */ = {isa = PBXFileReference; lastKnownFileType = wrapper.framework; name = Foundation.framework; path = System/Library/Frameworks/Foundation.framework; sourceTree = SDKROOT; };
		0A8474311E54822400F5A41D /* CashCounter */ = {isa = PBXFileReference; explicitFileType = "compiled.mach-o.executable"; includeInIndex = 0; path = CashCounter; sourceTree = BUILT_PRODUCTS_DIR; };
		0A8474341E54822400F5A41D /* main.m */ = {isa = PBXFileReference; lastKnownFileType = sourcecode.c.objc; path = main.m; sourceTree = "<group>"; };
		0A84743B1E54823A00F5A41D /* cashcounter.h */ = {isa = PBXFileReference; lastKnownFileType = sourcecode.c.h; path = cashcounter.h; sourceTree = "<group>"; };
		0A84743C1E54824F00F5A41D /* cashcounter.m */ = {isa = PBXFileReference; fileEncoding = 4; lastKnownFileType = sourcecode.c.objc; path = cashcounter.m; sourceTree = "<group>"; };
/* End PBXFileReference section */

/* Begin PBXFrameworksBuildPhase section */
		0A84742E1E54822400F5A41D /* Frameworks */ = {
			isa = PBXFrameworksBuildPhase;
			buildActionMask = 2147483647;
			files = (
				0A669A651E55AF4D00B4C883 /* Foundation.framework in Frameworks */,
			);
			runOnlyForDeploymentPostprocessing = 0;
		};
/* End PBXFrameworksBuildPhase section */

/* Begin PBXGroup section */
		0A669A631E55AF4D00B4C883 /* Frameworks */ = {
			isa = PBXGroup;
			children = (
				0A669A641E55AF4D00B4C883 /* Foundation.framework */,
			);
			name = Frameworks;
			sourceTree = "<group>";
		};
		0A8474281E54822400F5A41D = {
			isa = PBXGroup;
			children = (
				0A8474331E54822400F5A41D /* CashCounter */,
				0A8474321E54822400F5A41D /* Products */,
				0A669A631E55AF4D00B4C883 /* Frameworks */,
			);
			sourceTree = "<group>";
		};
		0A8474321E54822400F5A41D /* Products */ = {
			isa = PBXGroup;
			children = (
				0A8474311E54822400F5A41D /* CashCounter */,
			);
			name = Products;
			sourceTree = "<group>";
		};
		0A8474331E54822400F5A41D /* CashCounter */ = {
			isa = PBXGroup;
			children = (
				0A8474341E54822400F5A41D /* main.m */,
				0A84743B1E54823A00F5A41D /* cashcounter.h */,
				0A84743C1E54824F00F5A41D /* cashcounter.m */,
			);
			path = CashCounter;
			sourceTree = "<group>";
		};
/* End PBXGroup section */

/* Begin PBXNativeTarget section */
		0A8474301E54822400F5A41D /* CashCounter */ = {
			isa = PBXNativeTarget;
			buildConfigurationList = 0A8474381E54822400F5A41D /* Build configuration list for PBXNativeTarget "CashCounter" */;
			buildPhases = (
				0A84742D1E54822400F5A41D /* Sources */,
				0A84742E1E54822400F5A41D /* Frameworks */,
				0A84742F1E54822400F5A41D /* Copy Files */,
			);
			buildRules = (
			);
			dependencies = (
			);
			name = CashCounter;
			productName = CashCounter;
			productReference = 0A8474311E54822400F5A41D /* CashCounter */;
			productType = "com.apple.product-type.tool";
		};
/* End PBXNativeTarget section */

/* Begin PBXProject section */
		0A8474291E54822400F5A41D /* Project object */ = {
			isa = PBXProject;
			attributes = {
				LastUpgradeCheck = 0810;
				ORGANIZATIONNAME = "BridgeLabz Solutions LLP ";
				TargetAttributes = {
					0A8474301E54822400F5A41D = {
						CreatedOnToolsVersion = 8.1;
						ProvisioningStyle = Automatic;
					};
				};
			};
			buildConfigurationList = 0A84742C1E54822400F5A41D /* Build configuration list for PBXProject "CashCounter" */;
			compatibilityVersion = "Xcode 3.2";
			developmentRegion = English;
			hasScannedForEncodings = 0;
			knownRegions = (
				en,
			);
			mainGroup = 0A8474281E54822400F5A41D;
			productRefGroup = 0A8474321E54822400F5A41D /* Products */;
			projectDirPath = "";
			projectRoot = "";
			targets = (
				0A8474301E54822400F5A41D /* CashCounter */,
			);
		};
/* End PBXProject section */

/* Begin PBXSourcesBuildPhase section */
		0A84742D1E54822400F5A41D /* Sources */ = {
			isa = PBXSourcesBuildPhase;
			buildActionMask = 2147483647;
			files = (
				0A669A6B1E55AFDA00B4C883 /* cashcounter.m in Sources */,
				0A669A6A1E55AFD500B4C883 /* main.m in Sources */,
			);
			runOnlyForDeploymentPostprocessing = 0;
		};
/* End PBXSourcesBuildPhase section */

/* Begin XCBuildConfiguration section */
		0A8474361E54822400F5A41D /* Debug */ = {
			isa = XCBuildConfiguration;
			buildSettings = {
				ALWAYS_SEARCH_USER_PATHS = NO;
				CLANG_ANALYZER_NONNULL = YES;
				CLANG_CXX_LANGUAGE_STANDARD = "gnu++0x";
				CLANG_CXX_LIBRARY = "libc++";
				CLANG_ENABLE_MODULES = YES;
				CLANG_ENABLE_OBJC_ARC = YES;
				CLANG_WARN_BOOL_CONVERSION = YES;
				CLANG_WARN_CONSTANT_CONVERSION = YES;
				CLANG_WARN_DIRECT_OBJC_ISA_USAGE = YES_ERROR;
				CLANG_WARN_DOCUMENTATION_COMMENTS = YES;
				CLANG_WARN_EMPTY_BODY = YES;
				CLANG_WARN_ENUM_CONVERSION = YES;
				CLANG_WARN_INFINITE_RECURSION = YES;
				CLANG_WARN_INT_CONVERSION = YES;
				CLANG_WARN_OBJC_ROOT_CLASS = YES_ERROR;
				CLANG_WARN_SUSPICIOUS_MOVES = YES;
				CLANG_WARN_UNREACHABLE_CODE = YES;
				CLANG_WARN__DUPLICATE_METHOD_MATCH = YES;
				CODE_SIGN_IDENTITY = "-";
				COPY_PHASE_STRIP = NO;
				DEBUG_INFORMATION_FORMAT = dwarf;
				ENABLE_STRICT_OBJC_MSGSEND = YES;
				ENABLE_TESTABILITY = YES;
				GCC_C_LANGUAGE_STANDARD = gnu99;
				GCC_DYNAMIC_NO_PIC = NO;
				GCC_NO_COMMON_BLOCKS = YES;
				GCC_OPTIMIZATION_LEVEL = 0;
				GCC_PREPROCESSOR_DEFINITIONS = (
					"DEBUG=1",
					"$(inherited)",
				);
				GCC_WARN_64_TO_32_BIT_CONVERSION = YES;
				GCC_WARN_ABOUT_RETURN_TYPE = YES_ERROR;
				GCC_WARN_UNDECLARED_SELECTOR = YES;
				GCC_WARN_UNINITIALIZED_AUTOS = YES_AGGRESSIVE;
				GCC_WARN_UNUSED_FUNCTION = YES;
				GCC_WARN_UNUSED_VARIABLE = YES;
				MACOSX_DEPLOYMENT_TARGET = 10.11;
				MTL_ENABLE_DEBUG_INFO = YES;
				ONLY_ACTIVE_ARCH = YES;
				SDKROOT = macosx;
			};
			name = Debug;
		};
		0A8474371E54822400F5A41D /* Release */ = {
			isa = XCBuildConfiguration;
			buildSettings = {
				ALWAYS_SEARCH_USER_PATHS = NO;
				CLANG_ANALYZER_NONNULL = YES;
				CLANG_CXX_LANGUAGE_STANDARD = "gnu++0x";
				CLANG_CXX_LIBRARY = "libc++";
				CLANG_ENABLE_MODULES = YES;
				CLANG_ENABLE_OBJC_ARC = YES;
				CLANG_WARN_BOOL_CONVERSION = YES;
				CLANG_WARN_CONSTANT_CONVERSION = YES;
				CLANG_WARN_DIRECT_OBJC_ISA_USAGE = YES_ERROR;
				CLANG_WARN_DOCUMENTATION_COMMENTS = YES;
				CLANG_WARN_EMPTY_BODY = YES;
				CLANG_WARN_ENUM_CONVERSION = YES;
				CLANG_WARN_INFINITE_RECURSION = YES;
				CLANG_WARN_INT_CONVERSION = YES;
				CLANG_WARN_OBJC_ROOT_CLASS = YES_ERROR;
				CLANG_WARN_SUSPICIOUS_MOVES = YES;
				CLANG_WARN_UNREACHABLE_CODE = YES;
				CLANG_WARN__DUPLICATE_METHOD_MATCH = YES;
				CODE_SIGN_IDENTITY = "-";
				COPY_PHASE_STRIP = NO;
				DEBUG_INFORMATION_FORMAT = "dwarf-with-dsym";
				ENABLE_NS_ASSERTIONS = NO;
				ENABLE_STRICT_OBJC_MSGSEND = YES;
				GCC_C_LANGUAGE_STANDARD = gnu99;
				GCC_NO_COMMON_BLOCKS = YES;
				GCC_WARN_64_TO_32_BIT_CONVERSION = YES;
				GCC_WARN_ABOUT_RETURN_TYPE = YES_ERROR;
				GCC_WARN_UNDECLARED_SELECTOR = YES;
				GCC_WARN_UNINITIALIZED_AUTOS = YES_AGGRESSIVE;
				GCC_WARN_UNUSED_FUNCTION = YES;
				GCC_WARN_UNUSED_VARIABLE = YES;
				MACOSX_DEPLOYMENT_TARGET = 10.11;
				MTL_ENABLE_DEBUG_INFO = NO;
				SDKROOT = macosx;
			};
			name = Release;
		};
		0A8474391E54822400F5A41D /* Debug */ = {
			isa = XCBuildConfiguration;
			buildSettings = {
				MACOSX_DEPLOYMENT_TARGET = 10.6;
				PRODUCT_NAME = "$(TARGET_NAME)";
			};
			name = Debug;
		};
		0A84743A1E54822400F5A41D /* Release */ = {
			isa = XCBuildConfiguration;
			buildSettings = {
				MACOSX_DEPLOYMENT_TARGET = 10.6;
				PRODUCT_NAME = "$(TARGET_NAME)";
			};
			name = Release;
		};
/* End XCBuildConfiguration section */

/* Begin XCConfigurationList section */
		0A84742C1E54822400F5A41D /* Build configuration list for PBXProject "CashCounter" */ = {
			isa = XCConfigurationList;
			buildConfigurations = (
				0A8474361E54822400F5A41D /* Debug */,
				0A8474371E54822400F5A41D /* Release */,
			);
			defaultConfigurationIsVisible = 0;
			defaultConfigurationName = Release;
		};
		0A8474381E54822400F5A41D /* Build configuration list for PBXNativeTarget "CashCounter" */ = {
			isa = XCConfigurationList;
			buildConfigurations = (
				0A8474391E54822400F5A41D /* Debug */,
				0A84743A1E54822400F5A41D /* Release */,
			);
			defaultConfigurationIsVisible = 0;
			defaultConfigurationName = Release;
		};
/* End XCConfigurationList section */
	};
	rootObject = 0A8474291E54822400F5A41D /* Project object */;
}
