// !$*UTF8*$!
{
	archiveVersion = 1;
	classes = {
	};
	objectVersion = 46;
	objects = {

/* Begin PBXBuildFile section */
		0AEFF65D1E58210500F5FAED /* main.m in Sources */ = {isa = PBXBuildFile; fileRef = 0AEFF65C1E58210500F5FAED /* main.m */; };
		0AEFF6651E5821BB00F5FAED /* inventory.m in Sources */ = {isa = PBXBuildFile; fileRef = 0AEFF6641E5821BB00F5FAED /* inventory.m */; };
/* End PBXBuildFile section */

/* Begin PBXCopyFilesBuildPhase section */
		0AEFF6571E58210500F5FAED /* CopyFiles */ = {
			isa = PBXCopyFilesBuildPhase;
			buildActionMask = 2147483647;
			dstPath = /usr/share/man/man1/;
			dstSubfolderSpec = 0;
			files = (
			);
			runOnlyForDeploymentPostprocessing = 1;
		};
/* End PBXCopyFilesBuildPhase section */

/* Begin PBXFileReference section */
		0AEFF6591E58210500F5FAED /* Inventory */ = {isa = PBXFileReference; explicitFileType = "compiled.mach-o.executable"; includeInIndex = 0; path = Inventory; sourceTree = BUILT_PRODUCTS_DIR; };
		0AEFF65C1E58210500F5FAED /* main.m */ = {isa = PBXFileReference; lastKnownFileType = sourcecode.c.objc; path = main.m; sourceTree = "<group>"; };
		0AEFF6631E58212700F5FAED /* inventory.h */ = {isa = PBXFileReference; lastKnownFileType = sourcecode.c.h; path = inventory.h; sourceTree = "<group>"; };
		0AEFF6641E5821BB00F5FAED /* inventory.m */ = {isa = PBXFileReference; fileEncoding = 4; lastKnownFileType = sourcecode.c.objc; path = inventory.m; sourceTree = "<group>"; };
		0AEFF66B1E582D1A00F5FAED /* inventoryinput.json */ = {isa = PBXFileReference; fileEncoding = 4; lastKnownFileType = text.json; path = inventoryinput.json; sourceTree = "<group>"; };
		0AEFF66C1E582D6800F5FAED /* inventoryoutput.json */ = {isa = PBXFileReference; fileEncoding = 4; lastKnownFileType = text.json; path = inventoryoutput.json; sourceTree = "<group>"; };
/* End PBXFileReference section */

/* Begin PBXFrameworksBuildPhase section */
		0AEFF6561E58210500F5FAED /* Frameworks */ = {
			isa = PBXFrameworksBuildPhase;
			buildActionMask = 2147483647;
			files = (
			);
			runOnlyForDeploymentPostprocessing = 0;
		};
/* End PBXFrameworksBuildPhase section */

/* Begin PBXGroup section */
		0AEFF6501E58210500F5FAED = {
			isa = PBXGroup;
			children = (
				0AEFF65B1E58210500F5FAED /* Inventory */,
				0AEFF65A1E58210500F5FAED /* Products */,
			);
			sourceTree = "<group>";
		};
		0AEFF65A1E58210500F5FAED /* Products */ = {
			isa = PBXGroup;
			children = (
				0AEFF6591E58210500F5FAED /* Inventory */,
			);
			name = Products;
			sourceTree = "<group>";
		};
		0AEFF65B1E58210500F5FAED /* Inventory */ = {
			isa = PBXGroup;
			children = (
				0AEFF65C1E58210500F5FAED /* main.m */,
				0AEFF6631E58212700F5FAED /* inventory.h */,
				0AEFF6641E5821BB00F5FAED /* inventory.m */,
				0AEFF66B1E582D1A00F5FAED /* inventoryinput.json */,
				0AEFF66C1E582D6800F5FAED /* inventoryoutput.json */,
			);
			path = Inventory;
			sourceTree = "<group>";
		};
/* End PBXGroup section */

/* Begin PBXNativeTarget section */
		0AEFF6581E58210500F5FAED /* Inventory */ = {
			isa = PBXNativeTarget;
			buildConfigurationList = 0AEFF6601E58210500F5FAED /* Build configuration list for PBXNativeTarget "Inventory" */;
			buildPhases = (
				0AEFF6551E58210500F5FAED /* Sources */,
				0AEFF6561E58210500F5FAED /* Frameworks */,
				0AEFF6571E58210500F5FAED /* CopyFiles */,
			);
			buildRules = (
			);
			dependencies = (
			);
			name = Inventory;
			productName = Inventory;
			productReference = 0AEFF6591E58210500F5FAED /* Inventory */;
			productType = "com.apple.product-type.tool";
		};
/* End PBXNativeTarget section */

/* Begin PBXProject section */
		0AEFF6511E58210500F5FAED /* Project object */ = {
			isa = PBXProject;
			attributes = {
				LastUpgradeCheck = 0810;
				ORGANIZATIONNAME = "BridgeLabz Solutions LLP ";
				TargetAttributes = {
					0AEFF6581E58210500F5FAED = {
						CreatedOnToolsVersion = 8.1;
						ProvisioningStyle = Automatic;
					};
				};
			};
			buildConfigurationList = 0AEFF6541E58210500F5FAED /* Build configuration list for PBXProject "Inventory" */;
			compatibilityVersion = "Xcode 3.2";
			developmentRegion = English;
			hasScannedForEncodings = 0;
			knownRegions = (
				en,
			);
			mainGroup = 0AEFF6501E58210500F5FAED;
			productRefGroup = 0AEFF65A1E58210500F5FAED /* Products */;
			projectDirPath = "";
			projectRoot = "";
			targets = (
				0AEFF6581E58210500F5FAED /* Inventory */,
			);
		};
/* End PBXProject section */

/* Begin PBXSourcesBuildPhase section */
		0AEFF6551E58210500F5FAED /* Sources */ = {
			isa = PBXSourcesBuildPhase;
			buildActionMask = 2147483647;
			files = (
				0AEFF6651E5821BB00F5FAED /* inventory.m in Sources */,
				0AEFF65D1E58210500F5FAED /* main.m in Sources */,
			);
			runOnlyForDeploymentPostprocessing = 0;
		};
/* End PBXSourcesBuildPhase section */

/* Begin XCBuildConfiguration section */
		0AEFF65E1E58210500F5FAED /* Debug */ = {
			isa = XCBuildConfiguration;
			buildSettings = {
				ALWAYS_SEARCH_USER_PATHS = NO;
				CLANG_ANALYZER_NONNULL = YES;
				CLANG_CXX_LANGUAGE_STANDARD = "gnu++0x";
				CLANG_CXX_LIBRARY = "libc++";
				CLANG_ENABLE_MODULES = YES;
				CLANG_ENABLE_OBJC_ARC = YES;
				CLANG_WARN_BOOL_CONVERSION = YES;
				CLANG_WARN_CONSTANT_CONVERSION = YES;
				CLANG_WARN_DIRECT_OBJC_ISA_USAGE = YES_ERROR;
				CLANG_WARN_DOCUMENTATION_COMMENTS = YES;
				CLANG_WARN_EMPTY_BODY = YES;
				CLANG_WARN_ENUM_CONVERSION = YES;
				CLANG_WARN_INFINITE_RECURSION = YES;
				CLANG_WARN_INT_CONVERSION = YES;
				CLANG_WARN_OBJC_ROOT_CLASS = YES_ERROR;
				CLANG_WARN_SUSPICIOUS_MOVES = YES;
				CLANG_WARN_UNREACHABLE_CODE = YES;
				CLANG_WARN__DUPLICATE_METHOD_MATCH = YES;
				CODE_SIGN_IDENTITY = "-";
				COPY_PHASE_STRIP = NO;
				DEBUG_INFORMATION_FORMAT = dwarf;
				ENABLE_STRICT_OBJC_MSGSEND = YES;
				ENABLE_TESTABILITY = YES;
				GCC_C_LANGUAGE_STANDARD = gnu99;
				GCC_DYNAMIC_NO_PIC = NO;
				GCC_NO_COMMON_BLOCKS = YES;
				GCC_OPTIMIZATION_LEVEL = 0;
				GCC_PREPROCESSOR_DEFINITIONS = (
					"DEBUG=1",
					"$(inherited)",
				);
				GCC_WARN_64_TO_32_BIT_CONVERSION = YES;
				GCC_WARN_ABOUT_RETURN_TYPE = YES_ERROR;
				GCC_WARN_UNDECLARED_SELECTOR = YES;
				GCC_WARN_UNINITIALIZED_AUTOS = YES_AGGRESSIVE;
				GCC_WARN_UNUSED_FUNCTION = YES;
				GCC_WARN_UNUSED_VARIABLE = YES;
				MACOSX_DEPLOYMENT_TARGET = 10.11;
				MTL_ENABLE_DEBUG_INFO = YES;
				ONLY_ACTIVE_ARCH = YES;
				SDKROOT = macosx;
			};
			name = Debug;
		};
		0AEFF65F1E58210500F5FAED /* Release */ = {
			isa = XCBuildConfiguration;
			buildSettings = {
				ALWAYS_SEARCH_USER_PATHS = NO;
				CLANG_ANALYZER_NONNULL = YES;
				CLANG_CXX_LANGUAGE_STANDARD = "gnu++0x";
				CLANG_CXX_LIBRARY = "libc++";
				CLANG_ENABLE_MODULES = YES;
				CLANG_ENABLE_OBJC_ARC = YES;
				CLANG_WARN_BOOL_CONVERSION = YES;
				CLANG_WARN_CONSTANT_CONVERSION = YES;
				CLANG_WARN_DIRECT_OBJC_ISA_USAGE = YES_ERROR;
				CLANG_WARN_DOCUMENTATION_COMMENTS = YES;
				CLANG_WARN_EMPTY_BODY = YES;
				CLANG_WARN_ENUM_CONVERSION = YES;
				CLANG_WARN_INFINITE_RECURSION = YES;
				CLANG_WARN_INT_CONVERSION = YES;
				CLANG_WARN_OBJC_ROOT_CLASS = YES_ERROR;
				CLANG_WARN_SUSPICIOUS_MOVES = YES;
				CLANG_WARN_UNREACHABLE_CODE = YES;
				CLANG_WARN__DUPLICATE_METHOD_MATCH = YES;
				CODE_SIGN_IDENTITY = "-";
				COPY_PHASE_STRIP = NO;
				DEBUG_INFORMATION_FORMAT = "dwarf-with-dsym";
				ENABLE_NS_ASSERTIONS = NO;
				ENABLE_STRICT_OBJC_MSGSEND = YES;
				GCC_C_LANGUAGE_STANDARD = gnu99;
				GCC_NO_COMMON_BLOCKS = YES;
				GCC_WARN_64_TO_32_BIT_CONVERSION = YES;
				GCC_WARN_ABOUT_RETURN_TYPE = YES_ERROR;
				GCC_WARN_UNDECLARED_SELECTOR = YES;
				GCC_WARN_UNINITIALIZED_AUTOS = YES_AGGRESSIVE;
				GCC_WARN_UNUSED_FUNCTION = YES;
				GCC_WARN_UNUSED_VARIABLE = YES;
				MACOSX_DEPLOYMENT_TARGET = 10.11;
				MTL_ENABLE_DEBUG_INFO = NO;
				SDKROOT = macosx;
			};
			name = Release;
		};
		0AEFF6611E58210500F5FAED /* Debug */ = {
			isa = XCBuildConfiguration;
			buildSettings = {
				PRODUCT_NAME = "$(TARGET_NAME)";
			};
			name = Debug;
		};
		0AEFF6621E58210500F5FAED /* Release */ = {
			isa = XCBuildConfiguration;
			buildSettings = {
				PRODUCT_NAME = "$(TARGET_NAME)";
			};
			name = Release;
		};
/* End XCBuildConfiguration section */

/* Begin XCConfigurationList section */
		0AEFF6541E58210500F5FAED /* Build configuration list for PBXProject "Inventory" */ = {
			isa = XCConfigurationList;
			buildConfigurations = (
				0AEFF65E1E58210500F5FAED /* Debug */,
				0AEFF65F1E58210500F5FAED /* Release */,
			);
			defaultConfigurationIsVisible = 0;
			defaultConfigurationName = Release;
		};
		0AEFF6601E58210500F5FAED /* Build configuration list for PBXNativeTarget "Inventory" */ = {
			isa = XCConfigurationList;
			buildConfigurations = (
				0AEFF6611E58210500F5FAED /* Debug */,
				0AEFF6621E58210500F5FAED /* Release */,
			);
			defaultConfigurationIsVisible = 0;
		};
/* End XCConfigurationList section */
	};
	rootObject = 0AEFF6511E58210500F5FAED /* Project object */;
}
