// !$*UTF8*$!
{
	archiveVersion = 1;
	classes = {
	};
	objectVersion = 46;
	objects = {

/* Begin PBXBuildFile section */
		0A6E80031E49A6BF000AF917 /* main.m in Sources */ = {isa = PBXBuildFile; fileRef = 0A6E80021E49A6BF000AF917 /* main.m */; };
		0A6E800B1E49A6F4000AF917 /* harmonic.m in Sources */ = {isa = PBXBuildFile; fileRef = 0A6E800A1E49A6F4000AF917 /* harmonic.m */; };
/* End PBXBuildFile section */

/* Begin PBXCopyFilesBuildPhase section */
		0A6E7FFD1E49A6BF000AF917 /* CopyFiles */ = {
			isa = PBXCopyFilesBuildPhase;
			buildActionMask = 2147483647;
			dstPath = /usr/share/man/man1/;
			dstSubfolderSpec = 0;
			files = (
			);
			runOnlyForDeploymentPostprocessing = 1;
		};
/* End PBXCopyFilesBuildPhase section */

/* Begin PBXFileReference section */
		0A6E7FFF1E49A6BF000AF917 /* HarmonicValue */ = {isa = PBXFileReference; explicitFileType = "compiled.mach-o.executable"; includeInIndex = 0; path = HarmonicValue; sourceTree = BUILT_PRODUCTS_DIR; };
		0A6E80021E49A6BF000AF917 /* main.m */ = {isa = PBXFileReference; lastKnownFileType = sourcecode.c.objc; path = main.m; sourceTree = "<group>"; };
		0A6E80091E49A6E0000AF917 /* harminic.h */ = {isa = PBXFileReference; lastKnownFileType = sourcecode.c.h; path = harminic.h; sourceTree = "<group>"; };
		0A6E800A1E49A6F4000AF917 /* harmonic.m */ = {isa = PBXFileReference; fileEncoding = 4; lastKnownFileType = sourcecode.c.objc; path = harmonic.m; sourceTree = "<group>"; };
/* End PBXFileReference section */

/* Begin PBXFrameworksBuildPhase section */
		0A6E7FFC1E49A6BF000AF917 /* Frameworks */ = {
			isa = PBXFrameworksBuildPhase;
			buildActionMask = 2147483647;
			files = (
			);
			runOnlyForDeploymentPostprocessing = 0;
		};
/* End PBXFrameworksBuildPhase section */

/* Begin PBXGroup section */
		0A6E7FF61E49A6BF000AF917 = {
			isa = PBXGroup;
			children = (
				0A6E80011E49A6BF000AF917 /* HarmonicValue */,
				0A6E80001E49A6BF000AF917 /* Products */,
			);
			sourceTree = "<group>";
		};
		0A6E80001E49A6BF000AF917 /* Products */ = {
			isa = PBXGroup;
			children = (
				0A6E7FFF1E49A6BF000AF917 /* HarmonicValue */,
			);
			name = Products;
			sourceTree = "<group>";
		};
		0A6E80011E49A6BF000AF917 /* HarmonicValue */ = {
			isa = PBXGroup;
			children = (
				0A6E80021E49A6BF000AF917 /* main.m */,
				0A6E80091E49A6E0000AF917 /* harminic.h */,
				0A6E800A1E49A6F4000AF917 /* harmonic.m */,
			);
			path = HarmonicValue;
			sourceTree = "<group>";
		};
/* End PBXGroup section */

/* Begin PBXNativeTarget section */
		0A6E7FFE1E49A6BF000AF917 /* HarmonicValue */ = {
			isa = PBXNativeTarget;
			buildConfigurationList = 0A6E80061E49A6BF000AF917 /* Build configuration list for PBXNativeTarget "HarmonicValue" */;
			buildPhases = (
				0A6E7FFB1E49A6BF000AF917 /* Sources */,
				0A6E7FFC1E49A6BF000AF917 /* Frameworks */,
				0A6E7FFD1E49A6BF000AF917 /* CopyFiles */,
			);
			buildRules = (
			);
			dependencies = (
			);
			name = HarmonicValue;
			productName = HarmonicValue;
			productReference = 0A6E7FFF1E49A6BF000AF917 /* HarmonicValue */;
			productType = "com.apple.product-type.tool";
		};
/* End PBXNativeTarget section */

/* Begin PBXProject section */
		0A6E7FF71E49A6BF000AF917 /* Project object */ = {
			isa = PBXProject;
			attributes = {
				LastUpgradeCheck = 0810;
				ORGANIZATIONNAME = "BridgeLabz Solutions LLP ";
				TargetAttributes = {
					0A6E7FFE1E49A6BF000AF917 = {
						CreatedOnToolsVersion = 8.1;
						ProvisioningStyle = Automatic;
					};
				};
			};
			buildConfigurationList = 0A6E7FFA1E49A6BF000AF917 /* Build configuration list for PBXProject "HarmonicValue" */;
			compatibilityVersion = "Xcode 3.2";
			developmentRegion = English;
			hasScannedForEncodings = 0;
			knownRegions = (
				en,
			);
			mainGroup = 0A6E7FF61E49A6BF000AF917;
			productRefGroup = 0A6E80001E49A6BF000AF917 /* Products */;
			projectDirPath = "";
			projectRoot = "";
			targets = (
				0A6E7FFE1E49A6BF000AF917 /* HarmonicValue */,
			);
		};
/* End PBXProject section */

/* Begin PBXSourcesBuildPhase section */
		0A6E7FFB1E49A6BF000AF917 /* Sources */ = {
			isa = PBXSourcesBuildPhase;
			buildActionMask = 2147483647;
			files = (
				0A6E800B1E49A6F4000AF917 /* harmonic.m in Sources */,
				0A6E80031E49A6BF000AF917 /* main.m in Sources */,
			);
			runOnlyForDeploymentPostprocessing = 0;
		};
/* End PBXSourcesBuildPhase section */

/* Begin XCBuildConfiguration section */
		0A6E80041E49A6BF000AF917 /* Debug */ = {
			isa = XCBuildConfiguration;
			buildSettings = {
				ALWAYS_SEARCH_USER_PATHS = NO;
				CLANG_ANALYZER_NONNULL = YES;
				CLANG_CXX_LANGUAGE_STANDARD = "gnu++0x";
				CLANG_CXX_LIBRARY = "libc++";
				CLANG_ENABLE_MODULES = YES;
				CLANG_ENABLE_OBJC_ARC = YES;
				CLANG_WARN_BOOL_CONVERSION = YES;
				CLANG_WARN_CONSTANT_CONVERSION = YES;
				CLANG_WARN_DIRECT_OBJC_ISA_USAGE = YES_ERROR;
				CLANG_WARN_DOCUMENTATION_COMMENTS = YES;
				CLANG_WARN_EMPTY_BODY = YES;
				CLANG_WARN_ENUM_CONVERSION = YES;
				CLANG_WARN_INFINITE_RECURSION = YES;
				CLANG_WARN_INT_CONVERSION = YES;
				CLANG_WARN_OBJC_ROOT_CLASS = YES_ERROR;
				CLANG_WARN_SUSPICIOUS_MOVES = YES;
				CLANG_WARN_UNREACHABLE_CODE = YES;
				CLANG_WARN__DUPLICATE_METHOD_MATCH = YES;
				CODE_SIGN_IDENTITY = "-";
				COPY_PHASE_STRIP = NO;
				DEBUG_INFORMATION_FORMAT = dwarf;
				ENABLE_STRICT_OBJC_MSGSEND = YES;
				ENABLE_TESTABILITY = YES;
				GCC_C_LANGUAGE_STANDARD = gnu99;
				GCC_DYNAMIC_NO_PIC = NO;
				GCC_NO_COMMON_BLOCKS = YES;
				GCC_OPTIMIZATION_LEVEL = 0;
				GCC_PREPROCESSOR_DEFINITIONS = (
					"DEBUG=1",
					"$(inherited)",
				);
				GCC_WARN_64_TO_32_BIT_CONVERSION = YES;
				GCC_WARN_ABOUT_RETURN_TYPE = YES_ERROR;
				GCC_WARN_UNDECLARED_SELECTOR = YES;
				GCC_WARN_UNINITIALIZED_AUTOS = YES_AGGRESSIVE;
				GCC_WARN_UNUSED_FUNCTION = YES;
				GCC_WARN_UNUSED_VARIABLE = YES;
				MACOSX_DEPLOYMENT_TARGET = 10.11;
				MTL_ENABLE_DEBUG_INFO = YES;
				ONLY_ACTIVE_ARCH = YES;
				SDKROOT = macosx;
			};
			name = Debug;
		};
		0A6E80051E49A6BF000AF917 /* Release */ = {
			isa = XCBuildConfiguration;
			buildSettings = {
				ALWAYS_SEARCH_USER_PATHS = NO;
				CLANG_ANALYZER_NONNULL = YES;
				CLANG_CXX_LANGUAGE_STANDARD = "gnu++0x";
				CLANG_CXX_LIBRARY = "libc++";
				CLANG_ENABLE_MODULES = YES;
				CLANG_ENABLE_OBJC_ARC = YES;
				CLANG_WARN_BOOL_CONVERSION = YES;
				CLANG_WARN_CONSTANT_CONVERSION = YES;
				CLANG_WARN_DIRECT_OBJC_ISA_USAGE = YES_ERROR;
				CLANG_WARN_DOCUMENTATION_COMMENTS = YES;
				CLANG_WARN_EMPTY_BODY = YES;
				CLANG_WARN_ENUM_CONVERSION = YES;
				CLANG_WARN_INFINITE_RECURSION = YES;
				CLANG_WARN_INT_CONVERSION = YES;
				CLANG_WARN_OBJC_ROOT_CLASS = YES_ERROR;
				CLANG_WARN_SUSPICIOUS_MOVES = YES;
				CLANG_WARN_UNREACHABLE_CODE = YES;
				CLANG_WARN__DUPLICATE_METHOD_MATCH = YES;
				CODE_SIGN_IDENTITY = "-";
				COPY_PHASE_STRIP = NO;
				DEBUG_INFORMATION_FORMAT = "dwarf-with-dsym";
				ENABLE_NS_ASSERTIONS = NO;
				ENABLE_STRICT_OBJC_MSGSEND = YES;
				GCC_C_LANGUAGE_STANDARD = gnu99;
				GCC_NO_COMMON_BLOCKS = YES;
				GCC_WARN_64_TO_32_BIT_CONVERSION = YES;
				GCC_WARN_ABOUT_RETURN_TYPE = YES_ERROR;
				GCC_WARN_UNDECLARED_SELECTOR = YES;
				GCC_WARN_UNINITIALIZED_AUTOS = YES_AGGRESSIVE;
				GCC_WARN_UNUSED_FUNCTION = YES;
				GCC_WARN_UNUSED_VARIABLE = YES;
				MACOSX_DEPLOYMENT_TARGET = 10.11;
				MTL_ENABLE_DEBUG_INFO = NO;
				SDKROOT = macosx;
			};
			name = Release;
		};
		0A6E80071E49A6BF000AF917 /* Debug */ = {
			isa = XCBuildConfiguration;
			buildSettings = {
				PRODUCT_NAME = "$(TARGET_NAME)";
			};
			name = Debug;
		};
		0A6E80081E49A6BF000AF917 /* Release */ = {
			isa = XCBuildConfiguration;
			buildSettings = {
				PRODUCT_NAME = "$(TARGET_NAME)";
			};
			name = Release;
		};
/* End XCBuildConfiguration section */

/* Begin XCConfigurationList section */
		0A6E7FFA1E49A6BF000AF917 /* Build configuration list for PBXProject "HarmonicValue" */ = {
			isa = XCConfigurationList;
			buildConfigurations = (
				0A6E80041E49A6BF000AF917 /* Debug */,
				0A6E80051E49A6BF000AF917 /* Release */,
			);
			defaultConfigurationIsVisible = 0;
			defaultConfigurationName = Release;
		};
		0A6E80061E49A6BF000AF917 /* Build configuration list for PBXNativeTarget "HarmonicValue" */ = {
			isa = XCConfigurationList;
			buildConfigurations = (
				0A6E80071E49A6BF000AF917 /* Debug */,
				0A6E80081E49A6BF000AF917 /* Release */,
			);
			defaultConfigurationIsVisible = 0;
		};
/* End XCConfigurationList section */
	};
	rootObject = 0A6E7FF71E49A6BF000AF917 /* Project object */;
}
