// !$*UTF8*$!
{
	archiveVersion = 1;
	classes = {
	};
	objectVersion = 46;
	objects = {

/* Begin PBXBuildFile section */
		0A6E7FDF1E4998D4000AF917 /* LeapYear.m in Sources */ = {isa = PBXBuildFile; fileRef = 0A6E7FDE1E4998D4000AF917 /* LeapYear.m */; };
		0A90FEB21E48B14600E444B3 /* main.m in Sources */ = {isa = PBXBuildFile; fileRef = 0A90FEB11E48B14600E444B3 /* main.m */; };
/* End PBXBuildFile section */

/* Begin PBXCopyFilesBuildPhase section */
		0A90FEAC1E48B14600E444B3 /* CopyFiles */ = {
			isa = PBXCopyFilesBuildPhase;
			buildActionMask = 2147483647;
			dstPath = /usr/share/man/man1/;
			dstSubfolderSpec = 0;
			files = (
			);
			runOnlyForDeploymentPostprocessing = 1;
		};
/* End PBXCopyFilesBuildPhase section */

/* Begin PBXFileReference section */
		0A6E7FDD1E4998BB000AF917 /* LeapYear.h */ = {isa = PBXFileReference; lastKnownFileType = sourcecode.c.h; path = LeapYear.h; sourceTree = "<group>"; };
		0A6E7FDE1E4998D4000AF917 /* LeapYear.m */ = {isa = PBXFileReference; fileEncoding = 4; lastKnownFileType = sourcecode.c.objc; path = LeapYear.m; sourceTree = "<group>"; };
		0A90FEAE1E48B14600E444B3 /* LeapYear */ = {isa = PBXFileReference; explicitFileType = "compiled.mach-o.executable"; includeInIndex = 0; path = LeapYear; sourceTree = BUILT_PRODUCTS_DIR; };
		0A90FEB11E48B14600E444B3 /* main.m */ = {isa = PBXFileReference; lastKnownFileType = sourcecode.c.objc; path = main.m; sourceTree = "<group>"; };
/* End PBXFileReference section */

/* Begin PBXFrameworksBuildPhase section */
		0A90FEAB1E48B14600E444B3 /* Frameworks */ = {
			isa = PBXFrameworksBuildPhase;
			buildActionMask = 2147483647;
			files = (
			);
			runOnlyForDeploymentPostprocessing = 0;
		};
/* End PBXFrameworksBuildPhase section */

/* Begin PBXGroup section */
		0A90FEA51E48B14600E444B3 = {
			isa = PBXGroup;
			children = (
				0A90FEB01E48B14600E444B3 /* LeapYear */,
				0A90FEAF1E48B14600E444B3 /* Products */,
			);
			sourceTree = "<group>";
		};
		0A90FEAF1E48B14600E444B3 /* Products */ = {
			isa = PBXGroup;
			children = (
				0A90FEAE1E48B14600E444B3 /* LeapYear */,
			);
			name = Products;
			sourceTree = "<group>";
		};
		0A90FEB01E48B14600E444B3 /* LeapYear */ = {
			isa = PBXGroup;
			children = (
				0A90FEB11E48B14600E444B3 /* main.m */,
				0A6E7FDD1E4998BB000AF917 /* LeapYear.h */,
				0A6E7FDE1E4998D4000AF917 /* LeapYear.m */,
			);
			path = LeapYear;
			sourceTree = "<group>";
		};
/* End PBXGroup section */

/* Begin PBXNativeTarget section */
		0A90FEAD1E48B14600E444B3 /* LeapYear */ = {
			isa = PBXNativeTarget;
			buildConfigurationList = 0A90FEB51E48B14600E444B3 /* Build configuration list for PBXNativeTarget "LeapYear" */;
			buildPhases = (
				0A90FEAA1E48B14600E444B3 /* Sources */,
				0A90FEAB1E48B14600E444B3 /* Frameworks */,
				0A90FEAC1E48B14600E444B3 /* CopyFiles */,
			);
			buildRules = (
			);
			dependencies = (
			);
			name = LeapYear;
			productName = LeapYear;
			productReference = 0A90FEAE1E48B14600E444B3 /* LeapYear */;
			productType = "com.apple.product-type.tool";
		};
/* End PBXNativeTarget section */

/* Begin PBXProject section */
		0A90FEA61E48B14600E444B3 /* Project object */ = {
			isa = PBXProject;
			attributes = {
				LastUpgradeCheck = 0810;
				ORGANIZATIONNAME = "BridgeLabz Solutions LLP ";
				TargetAttributes = {
					0A90FEAD1E48B14600E444B3 = {
						CreatedOnToolsVersion = 8.1;
						ProvisioningStyle = Automatic;
					};
				};
			};
			buildConfigurationList = 0A90FEA91E48B14600E444B3 /* Build configuration list for PBXProject "LeapYear" */;
			compatibilityVersion = "Xcode 3.2";
			developmentRegion = English;
			hasScannedForEncodings = 0;
			knownRegions = (
				en,
			);
			mainGroup = 0A90FEA51E48B14600E444B3;
			productRefGroup = 0A90FEAF1E48B14600E444B3 /* Products */;
			projectDirPath = "";
			projectRoot = "";
			targets = (
				0A90FEAD1E48B14600E444B3 /* LeapYear */,
			);
		};
/* End PBXProject section */

/* Begin PBXSourcesBuildPhase section */
		0A90FEAA1E48B14600E444B3 /* Sources */ = {
			isa = PBXSourcesBuildPhase;
			buildActionMask = 2147483647;
			files = (
				0A6E7FDF1E4998D4000AF917 /* LeapYear.m in Sources */,
				0A90FEB21E48B14600E444B3 /* main.m in Sources */,
			);
			runOnlyForDeploymentPostprocessing = 0;
		};
/* End PBXSourcesBuildPhase section */

/* Begin XCBuildConfiguration section */
		0A90FEB31E48B14600E444B3 /* Debug */ = {
			isa = XCBuildConfiguration;
			buildSettings = {
				ALWAYS_SEARCH_USER_PATHS = NO;
				CLANG_ANALYZER_NONNULL = YES;
				CLANG_CXX_LANGUAGE_STANDARD = "gnu++0x";
				CLANG_CXX_LIBRARY = "libc++";
				CLANG_ENABLE_MODULES = YES;
				CLANG_ENABLE_OBJC_ARC = YES;
				CLANG_WARN_BOOL_CONVERSION = YES;
				CLANG_WARN_CONSTANT_CONVERSION = YES;
				CLANG_WARN_DIRECT_OBJC_ISA_USAGE = YES_ERROR;
				CLANG_WARN_DOCUMENTATION_COMMENTS = YES;
				CLANG_WARN_EMPTY_BODY = YES;
				CLANG_WARN_ENUM_CONVERSION = YES;
				CLANG_WARN_INFINITE_RECURSION = YES;
				CLANG_WARN_INT_CONVERSION = YES;
				CLANG_WARN_OBJC_ROOT_CLASS = YES_ERROR;
				CLANG_WARN_SUSPICIOUS_MOVES = YES;
				CLANG_WARN_UNREACHABLE_CODE = YES;
				CLANG_WARN__DUPLICATE_METHOD_MATCH = YES;
				CODE_SIGN_IDENTITY = "-";
				COPY_PHASE_STRIP = NO;
				DEBUG_INFORMATION_FORMAT = dwarf;
				ENABLE_STRICT_OBJC_MSGSEND = YES;
				ENABLE_TESTABILITY = YES;
				GCC_C_LANGUAGE_STANDARD = gnu99;
				GCC_DYNAMIC_NO_PIC = NO;
				GCC_NO_COMMON_BLOCKS = YES;
				GCC_OPTIMIZATION_LEVEL = 0;
				GCC_PREPROCESSOR_DEFINITIONS = (
					"DEBUG=1",
					"$(inherited)",
				);
				GCC_WARN_64_TO_32_BIT_CONVERSION = YES;
				GCC_WARN_ABOUT_RETURN_TYPE = YES_ERROR;
				GCC_WARN_UNDECLARED_SELECTOR = YES;
				GCC_WARN_UNINITIALIZED_AUTOS = YES_AGGRESSIVE;
				GCC_WARN_UNUSED_FUNCTION = YES;
				GCC_WARN_UNUSED_VARIABLE = YES;
				MACOSX_DEPLOYMENT_TARGET = 10.11;
				MTL_ENABLE_DEBUG_INFO = YES;
				ONLY_ACTIVE_ARCH = YES;
				SDKROOT = macosx;
			};
			name = Debug;
		};
		0A90FEB41E48B14600E444B3 /* Release */ = {
			isa = XCBuildConfiguration;
			buildSettings = {
				ALWAYS_SEARCH_USER_PATHS = NO;
				CLANG_ANALYZER_NONNULL = YES;
				CLANG_CXX_LANGUAGE_STANDARD = "gnu++0x";
				CLANG_CXX_LIBRARY = "libc++";
				CLANG_ENABLE_MODULES = YES;
				CLANG_ENABLE_OBJC_ARC = YES;
				CLANG_WARN_BOOL_CONVERSION = YES;
				CLANG_WARN_CONSTANT_CONVERSION = YES;
				CLANG_WARN_DIRECT_OBJC_ISA_USAGE = YES_ERROR;
				CLANG_WARN_DOCUMENTATION_COMMENTS = YES;
				CLANG_WARN_EMPTY_BODY = YES;
				CLANG_WARN_ENUM_CONVERSION = YES;
				CLANG_WARN_INFINITE_RECURSION = YES;
				CLANG_WARN_INT_CONVERSION = YES;
				CLANG_WARN_OBJC_ROOT_CLASS = YES_ERROR;
				CLANG_WARN_SUSPICIOUS_MOVES = YES;
				CLANG_WARN_UNREACHABLE_CODE = YES;
				CLANG_WARN__DUPLICATE_METHOD_MATCH = YES;
				CODE_SIGN_IDENTITY = "-";
				COPY_PHASE_STRIP = NO;
				DEBUG_INFORMATION_FORMAT = "dwarf-with-dsym";
				ENABLE_NS_ASSERTIONS = NO;
				ENABLE_STRICT_OBJC_MSGSEND = YES;
				GCC_C_LANGUAGE_STANDARD = gnu99;
				GCC_NO_COMMON_BLOCKS = YES;
				GCC_WARN_64_TO_32_BIT_CONVERSION = YES;
				GCC_WARN_ABOUT_RETURN_TYPE = YES_ERROR;
				GCC_WARN_UNDECLARED_SELECTOR = YES;
				GCC_WARN_UNINITIALIZED_AUTOS = YES_AGGRESSIVE;
				GCC_WARN_UNUSED_FUNCTION = YES;
				GCC_WARN_UNUSED_VARIABLE = YES;
				MACOSX_DEPLOYMENT_TARGET = 10.11;
				MTL_ENABLE_DEBUG_INFO = NO;
				SDKROOT = macosx;
			};
			name = Release;
		};
		0A90FEB61E48B14600E444B3 /* Debug */ = {
			isa = XCBuildConfiguration;
			buildSettings = {
				PRODUCT_NAME = "$(TARGET_NAME)";
			};
			name = Debug;
		};
		0A90FEB71E48B14600E444B3 /* Release */ = {
			isa = XCBuildConfiguration;
			buildSettings = {
				PRODUCT_NAME = "$(TARGET_NAME)";
			};
			name = Release;
		};
/* End XCBuildConfiguration section */

/* Begin XCConfigurationList section */
		0A90FEA91E48B14600E444B3 /* Build configuration list for PBXProject "LeapYear" */ = {
			isa = XCConfigurationList;
			buildConfigurations = (
				0A90FEB31E48B14600E444B3 /* Debug */,
				0A90FEB41E48B14600E444B3 /* Release */,
			);
			defaultConfigurationIsVisible = 0;
			defaultConfigurationName = Release;
		};
		0A90FEB51E48B14600E444B3 /* Build configuration list for PBXNativeTarget "LeapYear" */ = {
			isa = XCConfigurationList;
			buildConfigurations = (
				0A90FEB61E48B14600E444B3 /* Debug */,
				0A90FEB71E48B14600E444B3 /* Release */,
			);
			defaultConfigurationIsVisible = 0;
			defaultConfigurationName = Release;
		};
/* End XCConfigurationList section */
	};
	rootObject = 0A90FEA61E48B14600E444B3 /* Project object */;
}
